{
  "name": "nuxt-vitals",
  "version": "0.1.0",
  "lockfileVersion": 1,
  "requires": true,
  "dependencies": {
    "web-vitals": {
      "version": "0.2.1",
      "resolved": "https://registry.npmjs.org/web-vitals/-/web-vitals-0.2.1.tgz",
      "integrity": "sha512-2pdRlp6gJpOCg0oMMqwFF0axjk5D9WInc09RSYtqFgPXQ15+YKNQ7YnBBEqAL5jvmfH9WvoXDMb8DHwux7pIew=="
    }
  }
}
